// !$*UTF8*$!
{
	archiveVersion = 1;
	classes = {
	};
	objectVersion = 56;
	objects = {

/* Begin PBXBuildFile section */
		A10000000000000000000001 /* UITestHelpers.swift in Sources */ = {isa = PBXBuildFile; fileRef = A20000000000000000000001 /* UITestHelpers.swift */; };
		A10000000000000000000002 /* LibraryUITests.swift in Sources */ = {isa = PBXBuildFile; fileRef = A20000000000000000000005 /* LibraryUITests.swift */; };
		A10000000000000000000003 /* DeckUITests.swift in Sources */ = {isa = PBXBuildFile; fileRef = A20000000000000000000006 /* DeckUITests.swift */; };
		A10000000000000000000004 /* StudyUITests.swift in Sources */ = {isa = PBXBuildFile; fileRef = A20000000000000000000007 /* StudyUITests.swift */; };
		A10000000000000000000005 /* TemplatesUITests.swift in Sources */ = {isa = PBXBuildFile; fileRef = A20000000000000000000008 /* TemplatesUITests.swift */; };
/* End PBXBuildFile section */

/* Begin PBXFileReference section */
		A20000000000000000000001 /* UITestHelpers.swift */ = {isa = PBXFileReference; lastKnownFileType = sourcecode.swift; path = UITestHelpers.swift; sourceTree = "<group>"; };
		A20000000000000000000005 /* LibraryUITests.swift */ = {isa = PBXFileReference; lastKnownFileType = sourcecode.swift; path = LibraryUITests.swift; sourceTree = "<group>"; };
		A20000000000000000000006 /* DeckUITests.swift */ = {isa = PBXFileReference; lastKnownFileType = sourcecode.swift; path = DeckUITests.swift; sourceTree = "<group>"; };
		A20000000000000000000007 /* StudyUITests.swift */ = {isa = PBXFileReference; lastKnownFileType = sourcecode.swift; path = StudyUITests.swift; sourceTree = "<group>"; };
		A20000000000000000000008 /* TemplatesUITests.swift */ = {isa = PBXFileReference; lastKnownFileType = sourcecode.swift; path = TemplatesUITests.swift; sourceTree = "<group>"; };
		A20000000000000000000002 /* NeoAnki2UITests.xctest */ = {isa = PBXFileReference; explicitFileType = wrapper.cfbundle; includeInIndex = 0; path = NeoAnki2UITests.xctest; sourceTree = BUILT_PRODUCTS_DIR; };
		A20000000000000000000003 /* Info.plist */ = {isa = PBXFileReference; lastKnownFileType = text.plist.xml; path = Info.plist; sourceTree = "<group>"; };
		A20000000000000000000004 /* NeoAnki2UITests.xctestplan */ = {isa = PBXFileReference; lastKnownFileType = text; path = NeoAnki2UITests.xctestplan; sourceTree = "<group>"; };
/* End PBXFileReference section */

/* Begin PBXGroup section */
		A30000000000000000000001 = {
			isa = PBXGroup;
			children = (
				A30000000000000000000002 /* NeoAnki2UITests */,
				A20000000000000000000004 /* NeoAnki2UITests.xctestplan */,
				A30000000000000000000003 /* Products */,
			);
			sourceTree = "<group>";
		};
		A30000000000000000000002 /* NeoAnki2UITests */ = {
			isa = PBXGroup;
			children = (
				A20000000000000000000001 /* UITestHelpers.swift */,
				A20000000000000000000005 /* LibraryUITests.swift */,
				A20000000000000000000006 /* DeckUITests.swift */,
				A20000000000000000000007 /* StudyUITests.swift */,
				A20000000000000000000008 /* TemplatesUITests.swift */,
				A20000000000000000000003 /* Info.plist */,
			);
			path = NeoAnki2UITests;
			sourceTree = "<group>";
		};
		A30000000000000000000003 /* Products */ = {
			isa = PBXGroup;
			children = (
				A20000000000000000000002 /* NeoAnki2UITests.xctest */,
			);
			name = Products;
			sourceTree = "<group>";
		};
/* End PBXGroup section */

/* Begin PBXNativeTarget section */
		A40000000000000000000001 /* NeoAnki2UITests */ = {
			isa = PBXNativeTarget;
			buildConfigurationList = A60000000000000000000003 /* Build configuration list for PBXNativeTarget "NeoAnki2UITests" */;
			buildPhases = (
				A50000000000000000000004 /* Copy Target App */,
				A50000000000000000000001 /* Sources */,
				A50000000000000000000002 /* Frameworks */,
				A50000000000000000000003 /* Resources */,
			);
			buildRules = (
			);
			dependencies = (
			);
			name = NeoAnki2UITests;
			productName = NeoAnki2UITests;
			productReference = A20000000000000000000002 /* NeoAnki2UITests.xctest */;
			productType = "com.apple.product-type.bundle.ui-testing";
		};
/* End PBXNativeTarget section */

/* Begin PBXProject section */
		A70000000000000000000001 /* Project object */ = {
			isa = PBXProject;
			attributes = {
				BuildIndependentTargetsInParallel = 1;
				LastSwiftUpdateCheck = 1500;
				LastUpgradeCheck = 1500;
			};
			buildConfigurationList = A60000000000000000000001 /* Build configuration list for PBXProject "NeoAnki2UITests" */;
			compatibilityVersion = "Xcode 14.0";
			developmentRegion = en;
			hasScannedForEncodings = 0;
			knownRegions = (
				en,
				Base,
			);
			mainGroup = A30000000000000000000001;
			productRefGroup = A30000000000000000000003 /* Products */;
			projectDirPath = "";
			projectRoot = "";
			targets = (
				A40000000000000000000001 /* NeoAnki2UITests */,
			);
		};
/* End PBXProject section */

/* Begin PBXShellScriptBuildPhase section */
		A50000000000000000000004 /* Copy Target App */ = {
			isa = PBXShellScriptBuildPhase;
			buildActionMask = 2147483647;
			files = (
			);
			inputPaths = (
				"$(SRCROOT)/../.build/NeoAnki2.app",
			);
			name = "Copy Target App";
			outputPaths = (
				"$(BUILT_PRODUCTS_DIR)/NeoAnki2.app",
			);
			runOnlyForDeploymentPostprocessing = 0;
			shellPath = /bin/sh;
			shellScript = "set -e\nAPP_SRC=\"${SRCROOT}/../.build/NeoAnki2.app\"\nAPP_DST=\"${BUILT_PRODUCTS_DIR}/NeoAnki2.app\"\nrm -rf \"$APP_DST\"\nditto \"$APP_SRC\" \"$APP_DST\"\nxattr -cr \"$APP_DST\" || true\n/usr/bin/codesign --force --sign - --timestamp=none \\\n  --entitlements \"${SRCROOT}/AppBundle/NeoAnki2.entitlements\" \\\n  \"$APP_DST/Contents/MacOS/NeoAnki2\"\n/usr/bin/codesign --force --sign - --timestamp=none \\\n  --entitlements \"${SRCROOT}/AppBundle/NeoAnki2.entitlements\" \\\n  \"$APP_DST\"\n";
		};
/* End PBXShellScriptBuildPhase section */

/* Begin PBXResourcesBuildPhase section */
		A50000000000000000000003 /* Resources */ = {
			isa = PBXResourcesBuildPhase;
			buildActionMask = 2147483647;
			files = (
			);
			runOnlyForDeploymentPostprocessing = 0;
		};
/* End PBXResourcesBuildPhase section */

/* Begin PBXSourcesBuildPhase section */
		A50000000000000000000001 /* Sources */ = {
			isa = PBXSourcesBuildPhase;
			buildActionMask = 2147483647;
			files = (
				A10000000000000000000001 /* UITestHelpers.swift in Sources */,
				A10000000000000000000002 /* LibraryUITests.swift in Sources */,
				A10000000000000000000003 /* DeckUITests.swift in Sources */,
				A10000000000000000000004 /* StudyUITests.swift in Sources */,
				A10000000000000000000005 /* TemplatesUITests.swift in Sources */,
			);
			runOnlyForDeploymentPostprocessing = 0;
		};
/* End PBXSourcesBuildPhase section */

/* Begin PBXFrameworksBuildPhase section */
		A50000000000000000000002 /* Frameworks */ = {
			isa = PBXFrameworksBuildPhase;
			buildActionMask = 2147483647;
			files = (
			);
			runOnlyForDeploymentPostprocessing = 0;
		};
/* End PBXFrameworksBuildPhase section */

/* Begin XCBuildConfiguration section */
		A80000000000000000000001 /* Debug */ = {
			isa = XCBuildConfiguration;
			buildSettings = {
				CLANG_ENABLE_OBJC_ARC = YES;
				CODE_SIGN_IDENTITY = "-";
				COPY_PHASE_STRIP = NO;
				DEBUG_INFORMATION_FORMAT = dwarf;
				GCC_DYNAMIC_NO_PIC = NO;
				GCC_OPTIMIZATION_LEVEL = 0;
				MACOSX_DEPLOYMENT_TARGET = 14.0;
				ONLY_ACTIVE_ARCH = YES;
				SDKROOT = macosx;
				SWIFT_ACTIVE_COMPILATION_CONDITIONS = DEBUG;
				SWIFT_OPTIMIZATION_LEVEL = "-Onone";
			};
			name = Debug;
		};
		A80000000000000000000002 /* Release */ = {
			isa = XCBuildConfiguration;
			buildSettings = {
				CLANG_ENABLE_OBJC_ARC = YES;
				CODE_SIGN_IDENTITY = "-";
				COPY_PHASE_STRIP = NO;
				DEBUG_INFORMATION_FORMAT = "dwarf-with-dsym";
				MACOSX_DEPLOYMENT_TARGET = 14.0;
				SDKROOT = macosx;
				SWIFT_COMPILATION_MODE = wholemodule;
			};
			name = Release;
		};
		A80000000000000000000003 /* Debug */ = {
			isa = XCBuildConfiguration;
			buildSettings = {
				CODE_SIGN_ENTITLEMENTS = NeoAnki2UITests/NeoAnki2UITests.entitlements;
				CODE_SIGN_IDENTITY = "-";
				CODE_SIGN_STYLE = Manual;
				CODE_SIGNING_ALLOWED = YES;
				CODE_SIGNING_REQUIRED = YES;
				CURRENT_PROJECT_VERSION = 1;
				GENERATE_INFOPLIST_FILE = NO;
				INFOPLIST_FILE = NeoAnki2UITests/Info.plist;
				LD_RUNPATH_SEARCH_PATHS = (
					"$(inherited)",
					"@executable_path/../Frameworks",
					"@loader_path/../Frameworks",
				);
				MACOSX_DEPLOYMENT_TARGET = 14.0;
				MARKETING_VERSION = 1.0;
				PRODUCT_BUNDLE_IDENTIFIER = com.neoanki2.uitests;
				PRODUCT_NAME = "$(TARGET_NAME)";
				SWIFT_EMIT_LOC_STRINGS = NO;
				SWIFT_VERSION = 6.0;
				TEST_TARGET_NAME = NeoAnki2;
				TEST_APPLICATION_PATH = "$(BUILT_PRODUCTS_DIR)/NeoAnki2.app";
				UITargetAppPath = "$(BUILT_PRODUCTS_DIR)/NeoAnki2.app";
			};
			name = Debug;
		};
		A80000000000000000000004 /* Release */ = {
			isa = XCBuildConfiguration;
			buildSettings = {
				CODE_SIGN_ENTITLEMENTS = NeoAnki2UITests/NeoAnki2UITests.entitlements;
				CODE_SIGN_IDENTITY = "-";
				CODE_SIGN_STYLE = Manual;
				CODE_SIGNING_ALLOWED = YES;
				CODE_SIGNING_REQUIRED = YES;
				CURRENT_PROJECT_VERSION = 1;
				GENERATE_INFOPLIST_FILE = NO;
				INFOPLIST_FILE = NeoAnki2UITests/Info.plist;
				LD_RUNPATH_SEARCH_PATHS = (
					"$(inherited)",
					"@executable_path/../Frameworks",
					"@loader_path/../Frameworks",
				);
				MACOSX_DEPLOYMENT_TARGET = 14.0;
				MARKETING_VERSION = 1.0;
				PRODUCT_BUNDLE_IDENTIFIER = com.neoanki2.uitests;
				PRODUCT_NAME = "$(TARGET_NAME)";
				SWIFT_EMIT_LOC_STRINGS = NO;
				SWIFT_VERSION = 6.0;
				TEST_TARGET_NAME = NeoAnki2;
				TEST_APPLICATION_PATH = "$(BUILT_PRODUCTS_DIR)/NeoAnki2.app";
				UITargetAppPath = "$(BUILT_PRODUCTS_DIR)/NeoAnki2.app";
			};
			name = Release;
		};
/* End XCBuildConfiguration section */

/* Begin XCConfigurationList section */
		A60000000000000000000001 /* Build configuration list for PBXProject "NeoAnki2UITests" */ = {
			isa = XCConfigurationList;
			buildConfigurations = (
				A80000000000000000000001 /* Debug */,
				A80000000000000000000002 /* Release */,
			);
			defaultConfigurationIsVisible = 0;
			defaultConfigurationName = Release;
		};
		A60000000000000000000003 /* Build configuration list for PBXNativeTarget "NeoAnki2UITests" */ = {
			isa = XCConfigurationList;
			buildConfigurations = (
				A80000000000000000000003 /* Debug */,
				A80000000000000000000004 /* Release */,
			);
			defaultConfigurationIsVisible = 0;
			defaultConfigurationName = Release;
		};
/* End XCConfigurationList section */
	};
	rootObject = A70000000000000000000001 /* Project object */;
}
